
Microsoft Visual Studio Solution File, Format Version 12.00
# Visual Studio Version 16
VisualStudioVersion = 16.0.31129.286
MinimumVisualStudioVersion = 10.0.40219.1
Project("{FAE04EC0-301F-11D3-BF4B-00C04F79EFBC}") = "Alex", "Alex\Alex.csproj", "{3F401CB1-F360-40B0-A088-869642023E30}"
EndProject
Global
	GlobalSection(SolutionConfigurationPlatforms) = preSolution
		Debug|Any CPU = Debug|Any CPU
		Release|Any CPU = Release|Any CPU
	EndGlobalSection
	GlobalSection(ProjectConfigurationPlatforms) = postSolution
		{3F401CB1-F360-40B0-A088-869642023E30}.Debug|Any CPU.ActiveCfg = Debug|Any CPU
		{3F401CB1-F360-40B0-A088-869642023E30}.Debug|Any CPU.Build.0 = Debug|Any CPU
		{3F401CB1-F360-40B0-A088-869642023E30}.Release|Any CPU.ActiveCfg = Release|Any CPU
		{3F401CB1-F360-40B0-A088-869642023E30}.Release|Any CPU.Build.0 = Release|Any CPU
	EndGlobalSection
	GlobalSection(SolutionProperties) = preSolution
		HideSolutionNode = FALSE
	EndGlobalSection
	GlobalSection(ExtensibilityGlobals) = postSolution
		SolutionGuid = {0C525985-0C13-4CC8-88D5-44EDAF20B120}
	EndGlobalSection
EndGlobal
